// !$*UTF8*$!
{
	archiveVersion = 1;
	classes = {
	};
	objectVersion = 46;
	objects = {

/* Begin PBXBuildFile section */
		75245C271C00D7C5007EA1FD /* main.m in Sources */ = {isa = PBXBuildFile; fileRef = 75245C261C00D7C5007EA1FD /* main.m */; };
		75245C2F1C00DB2F007EA1FD /* Human.m in Sources */ = {isa = PBXBuildFile; fileRef = 75245C2E1C00DB2F007EA1FD /* Human.m */; };
		75245C321C00E174007EA1FD /* Doctor.m in Sources */ = {isa = PBXBuildFile; fileRef = 75245C311C00E174007EA1FD /* Doctor.m */; };
		75245C351C00E281007EA1FD /* Student.m in Sources */ = {isa = PBXBuildFile; fileRef = 75245C341C00E281007EA1FD /* Student.m */; };
/* End PBXBuildFile section */

/* Begin PBXCopyFilesBuildPhase section */
		75245C211C00D7C3007EA1FD /* CopyFiles */ = {
			isa = PBXCopyFilesBuildPhase;
			buildActionMask = 2147483647;
			dstPath = /usr/share/man/man1/;
			dstSubfolderSpec = 0;
			files = (
			);
			runOnlyForDeploymentPostprocessing = 1;
		};
/* End PBXCopyFilesBuildPhase section */

/* Begin PBXFileReference section */
		75245C231C00D7C4007EA1FD /* First */ = {isa = PBXFileReference; explicitFileType = "compiled.mach-o.executable"; includeInIndex = 0; path = First; sourceTree = BUILT_PRODUCTS_DIR; };
		75245C261C00D7C5007EA1FD /* main.m */ = {isa = PBXFileReference; lastKnownFileType = sourcecode.c.objc; path = main.m; sourceTree = "<group>"; };
		75245C2D1C00D9E5007EA1FD /* Human.h */ = {isa = PBXFileReference; lastKnownFileType = sourcecode.c.h; path = Human.h; sourceTree = "<group>"; };
		75245C2E1C00DB2F007EA1FD /* Human.m */ = {isa = PBXFileReference; fileEncoding = 4; lastKnownFileType = sourcecode.c.objc; path = Human.m; sourceTree = "<group>"; };
		75245C301C00E0A2007EA1FD /* Doctor.h */ = {isa = PBXFileReference; lastKnownFileType = sourcecode.c.h; path = Doctor.h; sourceTree = "<group>"; };
		75245C311C00E174007EA1FD /* Doctor.m */ = {isa = PBXFileReference; fileEncoding = 4; lastKnownFileType = sourcecode.c.objc; path = Doctor.m; sourceTree = "<group>"; };
		75245C331C00E23E007EA1FD /* Student.h */ = {isa = PBXFileReference; lastKnownFileType = sourcecode.c.h; path = Student.h; sourceTree = "<group>"; };
		75245C341C00E281007EA1FD /* Student.m */ = {isa = PBXFileReference; fileEncoding = 4; lastKnownFileType = sourcecode.c.objc; path = Student.m; sourceTree = "<group>"; };
/* End PBXFileReference section */

/* Begin PBXFrameworksBuildPhase section */
		75245C201C00D7C3007EA1FD /* Frameworks */ = {
			isa = PBXFrameworksBuildPhase;
			buildActionMask = 2147483647;
			files = (
			);
			runOnlyForDeploymentPostprocessing = 0;
		};
/* End PBXFrameworksBuildPhase section */

/* Begin PBXGroup section */
		75245C1A1C00D7C2007EA1FD = {
			isa = PBXGroup;
			children = (
				75245C251C00D7C4007EA1FD /* First */,
				75245C241C00D7C4007EA1FD /* Products */,
			);
			sourceTree = "<group>";
		};
		75245C241C00D7C4007EA1FD /* Products */ = {
			isa = PBXGroup;
			children = (
				75245C231C00D7C4007EA1FD /* First */,
			);
			name = Products;
			sourceTree = "<group>";
		};
		75245C251C00D7C4007EA1FD /* First */ = {
			isa = PBXGroup;
			children = (
				75245C261C00D7C5007EA1FD /* main.m */,
				75245C2D1C00D9E5007EA1FD /* Human.h */,
				75245C2E1C00DB2F007EA1FD /* Human.m */,
				75245C301C00E0A2007EA1FD /* Doctor.h */,
				75245C311C00E174007EA1FD /* Doctor.m */,
				75245C331C00E23E007EA1FD /* Student.h */,
				75245C341C00E281007EA1FD /* Student.m */,
			);
			path = First;
			sourceTree = "<group>";
		};
/* End PBXGroup section */

/* Begin PBXNativeTarget section */
		75245C221C00D7C3007EA1FD /* First */ = {
			isa = PBXNativeTarget;
			buildConfigurationList = 75245C2A1C00D7C5007EA1FD /* Build configuration list for PBXNativeTarget "First" */;
			buildPhases = (
				75245C1F1C00D7C3007EA1FD /* Sources */,
				75245C201C00D7C3007EA1FD /* Frameworks */,
				75245C211C00D7C3007EA1FD /* CopyFiles */,
			);
			buildRules = (
			);
			dependencies = (
			);
			name = First;
			productName = First;
			productReference = 75245C231C00D7C4007EA1FD /* First */;
			productType = "com.apple.product-type.tool";
		};
/* End PBXNativeTarget section */

/* Begin PBXProject section */
		75245C1B1C00D7C2007EA1FD /* Project object */ = {
			isa = PBXProject;
			attributes = {
				LastUpgradeCheck = 0710;
				ORGANIZATIONNAME = "Muhammad Resna Rizki Pratama";
				TargetAttributes = {
					75245C221C00D7C3007EA1FD = {
						CreatedOnToolsVersion = 7.1.1;
					};
				};
			};
			buildConfigurationList = 75245C1E1C00D7C2007EA1FD /* Build configuration list for PBXProject "First" */;
			compatibilityVersion = "Xcode 3.2";
			developmentRegion = English;
			hasScannedForEncodings = 0;
			knownRegions = (
				en,
			);
			mainGroup = 75245C1A1C00D7C2007EA1FD;
			productRefGroup = 75245C241C00D7C4007EA1FD /* Products */;
			projectDirPath = "";
			projectRoot = "";
			targets = (
				75245C221C00D7C3007EA1FD /* First */,
			);
		};
/* End PBXProject section */

/* Begin PBXSourcesBuildPhase section */
		75245C1F1C00D7C3007EA1FD /* Sources */ = {
			isa = PBXSourcesBuildPhase;
			buildActionMask = 2147483647;
			files = (
				75245C271C00D7C5007EA1FD /* main.m in Sources */,
				75245C2F1C00DB2F007EA1FD /* Human.m in Sources */,
				75245C321C00E174007EA1FD /* Doctor.m in Sources */,
				75245C351C00E281007EA1FD /* Student.m in Sources */,
			);
			runOnlyForDeploymentPostprocessing = 0;
		};
/* End PBXSourcesBuildPhase section */

/* Begin XCBuildConfiguration section */
		75245C281C00D7C5007EA1FD /* Debug */ = {
			isa = XCBuildConfiguration;
			buildSettings = {
				ALWAYS_SEARCH_USER_PATHS = NO;
				CLANG_CXX_LANGUAGE_STANDARD = "gnu++0x";
				CLANG_CXX_LIBRARY = "libc++";
				CLANG_ENABLE_MODULES = YES;
				CLANG_ENABLE_OBJC_ARC = YES;
				CLANG_WARN_BOOL_CONVERSION = YES;
				CLANG_WARN_CONSTANT_CONVERSION = YES;
				CLANG_WARN_DIRECT_OBJC_ISA_USAGE = YES_ERROR;
				CLANG_WARN_EMPTY_BODY = YES;
				CLANG_WARN_ENUM_CONVERSION = YES;
				CLANG_WARN_INT_CONVERSION = YES;
				CLANG_WARN_OBJC_ROOT_CLASS = YES_ERROR;
				CLANG_WARN_UNREACHABLE_CODE = YES;
				CLANG_WARN__DUPLICATE_METHOD_MATCH = YES;
				CODE_SIGN_IDENTITY = "-";
				COPY_PHASE_STRIP = NO;
				DEBUG_INFORMATION_FORMAT = dwarf;
				ENABLE_STRICT_OBJC_MSGSEND = YES;
				ENABLE_TESTABILITY = YES;
				GCC_C_LANGUAGE_STANDARD = gnu99;
				GCC_DYNAMIC_NO_PIC = NO;
				GCC_NO_COMMON_BLOCKS = YES;
				GCC_OPTIMIZATION_LEVEL = 0;
				GCC_PREPROCESSOR_DEFINITIONS = (
					"DEBUG=1",
					"$(inherited)",
				);
				GCC_WARN_64_TO_32_BIT_CONVERSION = YES;
				GCC_WARN_ABOUT_RETURN_TYPE = YES_ERROR;
				GCC_WARN_UNDECLARED_SELECTOR = YES;
				GCC_WARN_UNINITIALIZED_AUTOS = YES_AGGRESSIVE;
				GCC_WARN_UNUSED_FUNCTION = YES;
				GCC_WARN_UNUSED_VARIABLE = YES;
				MACOSX_DEPLOYMENT_TARGET = 10.11;
				MTL_ENABLE_DEBUG_INFO = YES;
				ONLY_ACTIVE_ARCH = YES;
				SDKROOT = macosx;
			};
			name = Debug;
		};
		75245C291C00D7C5007EA1FD /* Release */ = {
			isa = XCBuildConfiguration;
			buildSettings = {
				ALWAYS_SEARCH_USER_PATHS = NO;
				CLANG_CXX_LANGUAGE_STANDARD = "gnu++0x";
				CLANG_CXX_LIBRARY = "libc++";
				CLANG_ENABLE_MODULES = YES;
				CLANG_ENABLE_OBJC_ARC = YES;
				CLANG_WARN_BOOL_CONVERSION = YES;
				CLANG_WARN_CONSTANT_CONVERSION = YES;
				CLANG_WARN_DIRECT_OBJC_ISA_USAGE = YES_ERROR;
				CLANG_WARN_EMPTY_BODY = YES;
				CLANG_WARN_ENUM_CONVERSION = YES;
				CLANG_WARN_INT_CONVERSION = YES;
				CLANG_WARN_OBJC_ROOT_CLASS = YES_ERROR;
				CLANG_WARN_UNREACHABLE_CODE = YES;
				CLANG_WARN__DUPLICATE_METHOD_MATCH = YES;
				CODE_SIGN_IDENTITY = "-";
				COPY_PHASE_STRIP = NO;
				DEBUG_INFORMATION_FORMAT = "dwarf-with-dsym";
				ENABLE_NS_ASSERTIONS = NO;
				ENABLE_STRICT_OBJC_MSGSEND = YES;
				GCC_C_LANGUAGE_STANDARD = gnu99;
				GCC_NO_COMMON_BLOCKS = YES;
				GCC_WARN_64_TO_32_BIT_CONVERSION = YES;
				GCC_WARN_ABOUT_RETURN_TYPE = YES_ERROR;
				GCC_WARN_UNDECLARED_SELECTOR = YES;
				GCC_WARN_UNINITIALIZED_AUTOS = YES_AGGRESSIVE;
				GCC_WARN_UNUSED_FUNCTION = YES;
				GCC_WARN_UNUSED_VARIABLE = YES;
				MACOSX_DEPLOYMENT_TARGET = 10.11;
				MTL_ENABLE_DEBUG_INFO = NO;
				SDKROOT = macosx;
			};
			name = Release;
		};
		75245C2B1C00D7C6007EA1FD /* Debug */ = {
			isa = XCBuildConfiguration;
			buildSettings = {
				CLANG_ENABLE_OBJC_ARC = NO;
				PRODUCT_NAME = "$(TARGET_NAME)";
			};
			name = Debug;
		};
		75245C2C1C00D7C6007EA1FD /* Release */ = {
			isa = XCBuildConfiguration;
			buildSettings = {
				CLANG_ENABLE_OBJC_ARC = NO;
				PRODUCT_NAME = "$(TARGET_NAME)";
			};
			name = Release;
		};
/* End XCBuildConfiguration section */

/* Begin XCConfigurationList section */
		75245C1E1C00D7C2007EA1FD /* Build configuration list for PBXProject "First" */ = {
			isa = XCConfigurationList;
			buildConfigurations = (
				75245C281C00D7C5007EA1FD /* Debug */,
				75245C291C00D7C5007EA1FD /* Release */,
			);
			defaultConfigurationIsVisible = 0;
			defaultConfigurationName = Release;
		};
		75245C2A1C00D7C5007EA1FD /* Build configuration list for PBXNativeTarget "First" */ = {
			isa = XCConfigurationList;
			buildConfigurations = (
				75245C2B1C00D7C6007EA1FD /* Debug */,
				75245C2C1C00D7C6007EA1FD /* Release */,
			);
			defaultConfigurationIsVisible = 0;
		};
/* End XCConfigurationList section */
	};
	rootObject = 75245C1B1C00D7C2007EA1FD /* Project object */;
}
